
Microsoft Visual Studio Solution File, Format Version 12.00
# Visual Studio 15
VisualStudioVersion = 15.0.27703.2000
MinimumVisualStudioVersion = 10.0.40219.1
Project("{FAE04EC0-301F-11D3-BF4B-00C04F79EFBC}") = "API", "API\API.csproj", "{D3F2EED7-4C60-4586-AC43-C4BF333E5FE2}"
EndProject
Project("{FAE04EC0-301F-11D3-BF4B-00C04F79EFBC}") = "Domain", "Domain\Domain.csproj", "{F425BBE3-6CBF-40AA-9B76-B2FDDC46EAEC}"
EndProject
Project("{FAE04EC0-301F-11D3-BF4B-00C04F79EFBC}") = "Repository", "Repositorio\Repository.csproj", "{BFFB9D07-C41D-4E92-918B-AE14682828C5}"
EndProject
Global
	GlobalSection(SolutionConfigurationPlatforms) = preSolution
		Debug|Any CPU = Debug|Any CPU
		Release|Any CPU = Release|Any CPU
	EndGlobalSection
	GlobalSection(ProjectConfigurationPlatforms) = postSolution
		{D3F2EED7-4C60-4586-AC43-C4BF333E5FE2}.Debug|Any CPU.ActiveCfg = Debug|Any CPU
		{D3F2EED7-4C60-4586-AC43-C4BF333E5FE2}.Debug|Any CPU.Build.0 = Debug|Any CPU
		{D3F2EED7-4C60-4586-AC43-C4BF333E5FE2}.Release|Any CPU.ActiveCfg = Release|Any CPU
		{D3F2EED7-4C60-4586-AC43-C4BF333E5FE2}.Release|Any CPU.Build.0 = Release|Any CPU
		{F425BBE3-6CBF-40AA-9B76-B2FDDC46EAEC}.Debug|Any CPU.ActiveCfg = Debug|Any CPU
		{F425BBE3-6CBF-40AA-9B76-B2FDDC46EAEC}.Debug|Any CPU.Build.0 = Debug|Any CPU
		{F425BBE3-6CBF-40AA-9B76-B2FDDC46EAEC}.Release|Any CPU.ActiveCfg = Release|Any CPU
		{F425BBE3-6CBF-40AA-9B76-B2FDDC46EAEC}.Release|Any CPU.Build.0 = Release|Any CPU
		{BFFB9D07-C41D-4E92-918B-AE14682828C5}.Debug|Any CPU.ActiveCfg = Debug|Any CPU
		{BFFB9D07-C41D-4E92-918B-AE14682828C5}.Debug|Any CPU.Build.0 = Debug|Any CPU
		{BFFB9D07-C41D-4E92-918B-AE14682828C5}.Release|Any CPU.ActiveCfg = Release|Any CPU
		{BFFB9D07-C41D-4E92-918B-AE14682828C5}.Release|Any CPU.Build.0 = Release|Any CPU
	EndGlobalSection
	GlobalSection(SolutionProperties) = preSolution
		HideSolutionNode = FALSE
	EndGlobalSection
	GlobalSection(ExtensibilityGlobals) = postSolution
		SolutionGuid = {1B83E5D6-7DE3-4314-8231-92C1F3EEEDD9}
	EndGlobalSection
EndGlobal
